
Microsoft Visual Studio Solution File, Format Version 12.00
# Visual Studio Version 17
VisualStudioVersion = 17.11.35303.130
MinimumVisualStudioVersion = 10.0.40219.1
Project("{8BC9CEB8-8B4A-11D0-8D11-00A0C91BC942}") = "test6", "test6.vcxproj", "{BFD56FEF-FA11-499E-B5B9-ACD751A4F359}"
EndProject
Global
	GlobalSection(SolutionConfigurationPlatforms) = preSolution
		Debug|x64 = Debug|x64
		Debug|x86 = Debug|x86
		Release|x64 = Release|x64
		Release|x86 = Release|x86
	EndGlobalSection
	GlobalSection(ProjectConfigurationPlatforms) = postSolution
		{BFD56FEF-FA11-499E-B5B9-ACD751A4F359}.Debug|x64.ActiveCfg = Debug|x64
		{BFD56FEF-FA11-499E-B5B9-ACD751A4F359}.Debug|x64.Build.0 = Debug|x64
		{BFD56FEF-FA11-499E-B5B9-ACD751A4F359}.Debug|x86.ActiveCfg = Debug|Win32
		{BFD56FEF-FA11-499E-B5B9-ACD751A4F359}.Debug|x86.Build.0 = Debug|Win32
		{BFD56FEF-FA11-499E-B5B9-ACD751A4F359}.Release|x64.ActiveCfg = Release|x64
		{BFD56FEF-FA11-499E-B5B9-ACD751A4F359}.Release|x64.Build.0 = Release|x64
		{BFD56FEF-FA11-499E-B5B9-ACD751A4F359}.Release|x86.ActiveCfg = Release|Win32
		{BFD56FEF-FA11-499E-B5B9-ACD751A4F359}.Release|x86.Build.0 = Release|Win32
	EndGlobalSection
	GlobalSection(SolutionProperties) = preSolution
		HideSolutionNode = FALSE
	EndGlobalSection
	GlobalSection(ExtensibilityGlobals) = postSolution
		SolutionGuid = {345F9DD1-AB1C-418B-B788-C1DD9A393DE8}
	EndGlobalSection
EndGlobal
